
Microsoft Visual Studio Solution File, Format Version 12.00
# Visual Studio Version 17
VisualStudioVersion = 17.6.33815.320
MinimumVisualStudioVersion = 10.0.40219.1
Project("{FAE04EC0-301F-11D3-BF4B-00C04F79EFBC}") = "Advent2023_18", "Advent2023_18.csproj", "{2CFB52B0-EF32-482C-97DE-B0AF457ABDA2}"
EndProject
Global
	GlobalSection(SolutionConfigurationPlatforms) = preSolution
		Debug|Any CPU = Debug|Any CPU
		Release|Any CPU = Release|Any CPU
	EndGlobalSection
	GlobalSection(ProjectConfigurationPlatforms) = postSolution
		{2CFB52B0-EF32-482C-97DE-B0AF457ABDA2}.Debug|Any CPU.ActiveCfg = Debug|Any CPU
		{2CFB52B0-EF32-482C-97DE-B0AF457ABDA2}.Debug|Any CPU.Build.0 = Debug|Any CPU
		{2CFB52B0-EF32-482C-97DE-B0AF457ABDA2}.Release|Any CPU.ActiveCfg = Release|Any CPU
		{2CFB52B0-EF32-482C-97DE-B0AF457ABDA2}.Release|Any CPU.Build.0 = Release|Any CPU
	EndGlobalSection
	GlobalSection(SolutionProperties) = preSolution
		HideSolutionNode = FALSE
	EndGlobalSection
	GlobalSection(ExtensibilityGlobals) = postSolution
		SolutionGuid = {568B263A-D380-4F10-A1AD-F9588B66E84E}
	EndGlobalSection
EndGlobal
